
Microsoft Visual Studio Solution File, Format Version 12.00
# Visual Studio Version 16
VisualStudioVersion = 16.0.30114.105
MinimumVisualStudioVersion = 10.0.40219.1
Project("{2150E333-8FDC-42A3-9474-1A3956D46DE8}") = "Source", "Source", "{55E09EF4-8A96-424D-AA00-D387635D6B5C}"
EndProject
Project("{2150E333-8FDC-42A3-9474-1A3956D46DE8}") = "Api", "Api", "{F4F9B582-E0D9-4B56-AC56-147375059C9F}"
EndProject
Project("{FAE04EC0-301F-11D3-BF4B-00C04F79EFBC}") = "WebApi", "Source\Api\WebApi\WebApi.csproj", "{EF3F9F0F-118F-4EB5-A2F4-DC3CAA86DC5F}"
EndProject
Project("{2150E333-8FDC-42A3-9474-1A3956D46DE8}") = "Core", "Core", "{EC1F694D-7B48-4397-8EB6-3C323579921A}"
EndProject
Project("{FAE04EC0-301F-11D3-BF4B-00C04F79EFBC}") = "Domain", "Source\Core\Domain\Domain.csproj", "{4E92D68D-9C22-45E3-AEF2-3C932274D8A3}"
EndProject
Project("{FAE04EC0-301F-11D3-BF4B-00C04F79EFBC}") = "Application", "Source\Core\Application\Application.csproj", "{65E73876-6745-4279-9532-8246C38DFFD5}"
EndProject
Project("{2150E333-8FDC-42A3-9474-1A3956D46DE8}") = "Infra", "Infra", "{D33D3889-CFA4-4B85-8843-781B9206656B}"
EndProject
Project("{FAE04EC0-301F-11D3-BF4B-00C04F79EFBC}") = "Infra.Persistence", "Source\Infra\Infra.Persistence\Infra.Persistence.csproj", "{99FAF137-A60B-44A0-8745-49DDC27CA927}"
EndProject
Global
	GlobalSection(SolutionConfigurationPlatforms) = preSolution
		Debug|Any CPU = Debug|Any CPU
		Debug|x64 = Debug|x64
		Debug|x86 = Debug|x86
		Release|Any CPU = Release|Any CPU
		Release|x64 = Release|x64
		Release|x86 = Release|x86
	EndGlobalSection
	GlobalSection(SolutionProperties) = preSolution
		HideSolutionNode = FALSE
	EndGlobalSection
	GlobalSection(ProjectConfigurationPlatforms) = postSolution
		{EF3F9F0F-118F-4EB5-A2F4-DC3CAA86DC5F}.Debug|Any CPU.ActiveCfg = Debug|Any CPU
		{EF3F9F0F-118F-4EB5-A2F4-DC3CAA86DC5F}.Debug|Any CPU.Build.0 = Debug|Any CPU
		{EF3F9F0F-118F-4EB5-A2F4-DC3CAA86DC5F}.Debug|x64.ActiveCfg = Debug|Any CPU
		{EF3F9F0F-118F-4EB5-A2F4-DC3CAA86DC5F}.Debug|x64.Build.0 = Debug|Any CPU
		{EF3F9F0F-118F-4EB5-A2F4-DC3CAA86DC5F}.Debug|x86.ActiveCfg = Debug|Any CPU
		{EF3F9F0F-118F-4EB5-A2F4-DC3CAA86DC5F}.Debug|x86.Build.0 = Debug|Any CPU
		{EF3F9F0F-118F-4EB5-A2F4-DC3CAA86DC5F}.Release|Any CPU.ActiveCfg = Release|Any CPU
		{EF3F9F0F-118F-4EB5-A2F4-DC3CAA86DC5F}.Release|Any CPU.Build.0 = Release|Any CPU
		{EF3F9F0F-118F-4EB5-A2F4-DC3CAA86DC5F}.Release|x64.ActiveCfg = Release|Any CPU
		{EF3F9F0F-118F-4EB5-A2F4-DC3CAA86DC5F}.Release|x64.Build.0 = Release|Any CPU
		{EF3F9F0F-118F-4EB5-A2F4-DC3CAA86DC5F}.Release|x86.ActiveCfg = Release|Any CPU
		{EF3F9F0F-118F-4EB5-A2F4-DC3CAA86DC5F}.Release|x86.Build.0 = Release|Any CPU
		{4E92D68D-9C22-45E3-AEF2-3C932274D8A3}.Debug|Any CPU.ActiveCfg = Debug|Any CPU
		{4E92D68D-9C22-45E3-AEF2-3C932274D8A3}.Debug|Any CPU.Build.0 = Debug|Any CPU
		{4E92D68D-9C22-45E3-AEF2-3C932274D8A3}.Debug|x64.ActiveCfg = Debug|Any CPU
		{4E92D68D-9C22-45E3-AEF2-3C932274D8A3}.Debug|x64.Build.0 = Debug|Any CPU
		{4E92D68D-9C22-45E3-AEF2-3C932274D8A3}.Debug|x86.ActiveCfg = Debug|Any CPU
		{4E92D68D-9C22-45E3-AEF2-3C932274D8A3}.Debug|x86.Build.0 = Debug|Any CPU
		{4E92D68D-9C22-45E3-AEF2-3C932274D8A3}.Release|Any CPU.ActiveCfg = Release|Any CPU
		{4E92D68D-9C22-45E3-AEF2-3C932274D8A3}.Release|Any CPU.Build.0 = Release|Any CPU
		{4E92D68D-9C22-45E3-AEF2-3C932274D8A3}.Release|x64.ActiveCfg = Release|Any CPU
		{4E92D68D-9C22-45E3-AEF2-3C932274D8A3}.Release|x64.Build.0 = Release|Any CPU
		{4E92D68D-9C22-45E3-AEF2-3C932274D8A3}.Release|x86.ActiveCfg = Release|Any CPU
		{4E92D68D-9C22-45E3-AEF2-3C932274D8A3}.Release|x86.Build.0 = Release|Any CPU
		{65E73876-6745-4279-9532-8246C38DFFD5}.Debug|Any CPU.ActiveCfg = Debug|Any CPU
		{65E73876-6745-4279-9532-8246C38DFFD5}.Debug|Any CPU.Build.0 = Debug|Any CPU
		{65E73876-6745-4279-9532-8246C38DFFD5}.Debug|x64.ActiveCfg = Debug|Any CPU
		{65E73876-6745-4279-9532-8246C38DFFD5}.Debug|x64.Build.0 = Debug|Any CPU
		{65E73876-6745-4279-9532-8246C38DFFD5}.Debug|x86.ActiveCfg = Debug|Any CPU
		{65E73876-6745-4279-9532-8246C38DFFD5}.Debug|x86.Build.0 = Debug|Any CPU
		{65E73876-6745-4279-9532-8246C38DFFD5}.Release|Any CPU.ActiveCfg = Release|Any CPU
		{65E73876-6745-4279-9532-8246C38DFFD5}.Release|Any CPU.Build.0 = Release|Any CPU
		{65E73876-6745-4279-9532-8246C38DFFD5}.Release|x64.ActiveCfg = Release|Any CPU
		{65E73876-6745-4279-9532-8246C38DFFD5}.Release|x64.Build.0 = Release|Any CPU
		{65E73876-6745-4279-9532-8246C38DFFD5}.Release|x86.ActiveCfg = Release|Any CPU
		{65E73876-6745-4279-9532-8246C38DFFD5}.Release|x86.Build.0 = Release|Any CPU
		{99FAF137-A60B-44A0-8745-49DDC27CA927}.Debug|Any CPU.ActiveCfg = Debug|Any CPU
		{99FAF137-A60B-44A0-8745-49DDC27CA927}.Debug|Any CPU.Build.0 = Debug|Any CPU
		{99FAF137-A60B-44A0-8745-49DDC27CA927}.Debug|x64.ActiveCfg = Debug|Any CPU
		{99FAF137-A60B-44A0-8745-49DDC27CA927}.Debug|x64.Build.0 = Debug|Any CPU
		{99FAF137-A60B-44A0-8745-49DDC27CA927}.Debug|x86.ActiveCfg = Debug|Any CPU
		{99FAF137-A60B-44A0-8745-49DDC27CA927}.Debug|x86.Build.0 = Debug|Any CPU
		{99FAF137-A60B-44A0-8745-49DDC27CA927}.Release|Any CPU.ActiveCfg = Release|Any CPU
		{99FAF137-A60B-44A0-8745-49DDC27CA927}.Release|Any CPU.Build.0 = Release|Any CPU
		{99FAF137-A60B-44A0-8745-49DDC27CA927}.Release|x64.ActiveCfg = Release|Any CPU
		{99FAF137-A60B-44A0-8745-49DDC27CA927}.Release|x64.Build.0 = Release|Any CPU
		{99FAF137-A60B-44A0-8745-49DDC27CA927}.Release|x86.ActiveCfg = Release|Any CPU
		{99FAF137-A60B-44A0-8745-49DDC27CA927}.Release|x86.Build.0 = Release|Any CPU
	EndGlobalSection
	GlobalSection(NestedProjects) = preSolution
		{F4F9B582-E0D9-4B56-AC56-147375059C9F} = {55E09EF4-8A96-424D-AA00-D387635D6B5C}
		{EF3F9F0F-118F-4EB5-A2F4-DC3CAA86DC5F} = {F4F9B582-E0D9-4B56-AC56-147375059C9F}
		{EC1F694D-7B48-4397-8EB6-3C323579921A} = {55E09EF4-8A96-424D-AA00-D387635D6B5C}
		{4E92D68D-9C22-45E3-AEF2-3C932274D8A3} = {EC1F694D-7B48-4397-8EB6-3C323579921A}
		{65E73876-6745-4279-9532-8246C38DFFD5} = {EC1F694D-7B48-4397-8EB6-3C323579921A}
		{D33D3889-CFA4-4B85-8843-781B9206656B} = {55E09EF4-8A96-424D-AA00-D387635D6B5C}
		{99FAF137-A60B-44A0-8745-49DDC27CA927} = {D33D3889-CFA4-4B85-8843-781B9206656B}
	EndGlobalSection
EndGlobal
